
Microsoft Visual Studio Solution File, Format Version 12.00
# Visual Studio 15
VisualStudioVersion = 15.0.28307.902
MinimumVisualStudioVersion = 10.0.40219.1
Project("{8BC9CEB8-8B4A-11D0-8D11-00A0C91BC942}") = "vs", "vs\vs.vcxproj", "{485CC1C9-E70D-479F-8E7E-5E51332F8090}"
EndProject
Global
	GlobalSection(SolutionConfigurationPlatforms) = preSolution
		Debug|x64 = Debug|x64
		Debug|x86 = Debug|x86
		Release|x64 = Release|x64
		Release|x86 = Release|x86
	EndGlobalSection
	GlobalSection(ProjectConfigurationPlatforms) = postSolution
		{485CC1C9-E70D-479F-8E7E-5E51332F8090}.Debug|x64.ActiveCfg = Debug|x64
		{485CC1C9-E70D-479F-8E7E-5E51332F8090}.Debug|x64.Build.0 = Debug|x64
		{485CC1C9-E70D-479F-8E7E-5E51332F8090}.Debug|x86.ActiveCfg = Debug|Win32
		{485CC1C9-E70D-479F-8E7E-5E51332F8090}.Debug|x86.Build.0 = Debug|Win32
		{485CC1C9-E70D-479F-8E7E-5E51332F8090}.Release|x64.ActiveCfg = Release|x64
		{485CC1C9-E70D-479F-8E7E-5E51332F8090}.Release|x64.Build.0 = Release|x64
		{485CC1C9-E70D-479F-8E7E-5E51332F8090}.Release|x86.ActiveCfg = Release|Win32
		{485CC1C9-E70D-479F-8E7E-5E51332F8090}.Release|x86.Build.0 = Release|Win32
	EndGlobalSection
	GlobalSection(SolutionProperties) = preSolution
		HideSolutionNode = FALSE
	EndGlobalSection
	GlobalSection(ExtensibilityGlobals) = postSolution
		SolutionGuid = {EBA7631F-804B-4F44-904E-ECD4E8883F53}
	EndGlobalSection
EndGlobal
